
Microsoft Visual Studio Solution File, Format Version 12.00
# Visual Studio Version 16
VisualStudioVersion = 16.0.31911.196
MinimumVisualStudioVersion = 10.0.40219.1
Project("{FAE04EC0-301F-11D3-BF4B-00C04F79EFBC}") = "FSRM", "FSRM\FSRM.csproj", "{4BA902BD-E326-45DA-AB0D-58E24EC339F0}"
EndProject
Global
	GlobalSection(SolutionConfigurationPlatforms) = preSolution
		Debug|Any CPU = Debug|Any CPU
		Release|Any CPU = Release|Any CPU
	EndGlobalSection
	GlobalSection(ProjectConfigurationPlatforms) = postSolution
		{4BA902BD-E326-45DA-AB0D-58E24EC339F0}.Debug|Any CPU.ActiveCfg = Debug|Any CPU
		{4BA902BD-E326-45DA-AB0D-58E24EC339F0}.Debug|Any CPU.Build.0 = Debug|Any CPU
		{4BA902BD-E326-45DA-AB0D-58E24EC339F0}.Release|Any CPU.ActiveCfg = Release|Any CPU
		{4BA902BD-E326-45DA-AB0D-58E24EC339F0}.Release|Any CPU.Build.0 = Release|Any CPU
	EndGlobalSection
	GlobalSection(SolutionProperties) = preSolution
		HideSolutionNode = FALSE
	EndGlobalSection
	GlobalSection(ExtensibilityGlobals) = postSolution
		SolutionGuid = {2BC8B52D-AA71-4C69-B909-A8515BDD007A}
	EndGlobalSection
	GlobalSection(TeamFoundationVersionControl) = preSolution
		SccNumberOfProjects = 2
		SccEnterpriseProvider = {4CA58AB2-18FA-4F8D-95D4-32DDF27D184C}
		SccTeamFoundationServer = http://172.20.230.92:100/projects%20mapnapars
		SccLocalPath0 = .
		SccProjectUniqueName1 = FSRM\\FSRM.csproj
		SccProjectName1 = FSRM
		SccLocalPath1 = FSRM
	EndGlobalSection
EndGlobal
